
Microsoft Visual Studio Solution File, Format Version 12.00
# Visual Studio Version 17
VisualStudioVersion = 17.3.32929.385
MinimumVisualStudioVersion = 10.0.40219.1
Project("{9A19103F-16F7-4668-BE54-9A1E7A4F7556}") = "GameReviewBaylaBusLogic", "GameReviewBaylaBusLogic.csproj", "{50DF7ECB-C82D-43D1-B586-35885BFF54DA}"
EndProject
Project("{9A19103F-16F7-4668-BE54-9A1E7A4F7556}") = "IGameReviewBayla", "..\IGameReviewBayla\IGameReviewBayla.csproj", "{285689E3-B9B9-4B86-91F9-D526F048C832}"
EndProject
Project("{9A19103F-16F7-4668-BE54-9A1E7A4F7556}") = "GameReviewBaylaModel", "..\GameReviewBaylaModel\GameReviewBaylaModel.csproj", "{0402842B-080D-4899-B378-18AC7FA5D0B9}"
EndProject
Project("{9A19103F-16F7-4668-BE54-9A1E7A4F7556}") = "GameReviewBaylaConsole", "..\GameReviewBaylaConsole\GameReviewBaylaConsole.csproj", "{91204FBC-FEA9-4E6A-A8E4-E1B37DFE38F5}"
EndProject
Project("{FAE04EC0-301F-11D3-BF4B-00C04F79EFBC}") = "GameReviewSite", "..\GameReviewSite\GameReviewSite.csproj", "{05992CB0-EBE8-4705-807C-EFF79E835684}"
EndProject
Global
	GlobalSection(SolutionConfigurationPlatforms) = preSolution
		Debug|Any CPU = Debug|Any CPU
		Release|Any CPU = Release|Any CPU
	EndGlobalSection
	GlobalSection(ProjectConfigurationPlatforms) = postSolution
		{50DF7ECB-C82D-43D1-B586-35885BFF54DA}.Debug|Any CPU.ActiveCfg = Debug|Any CPU
		{50DF7ECB-C82D-43D1-B586-35885BFF54DA}.Debug|Any CPU.Build.0 = Debug|Any CPU
		{50DF7ECB-C82D-43D1-B586-35885BFF54DA}.Release|Any CPU.ActiveCfg = Release|Any CPU
		{50DF7ECB-C82D-43D1-B586-35885BFF54DA}.Release|Any CPU.Build.0 = Release|Any CPU
		{285689E3-B9B9-4B86-91F9-D526F048C832}.Debug|Any CPU.ActiveCfg = Debug|Any CPU
		{285689E3-B9B9-4B86-91F9-D526F048C832}.Debug|Any CPU.Build.0 = Debug|Any CPU
		{285689E3-B9B9-4B86-91F9-D526F048C832}.Release|Any CPU.ActiveCfg = Release|Any CPU
		{285689E3-B9B9-4B86-91F9-D526F048C832}.Release|Any CPU.Build.0 = Release|Any CPU
		{0402842B-080D-4899-B378-18AC7FA5D0B9}.Debug|Any CPU.ActiveCfg = Debug|Any CPU
		{0402842B-080D-4899-B378-18AC7FA5D0B9}.Debug|Any CPU.Build.0 = Debug|Any CPU
		{0402842B-080D-4899-B378-18AC7FA5D0B9}.Release|Any CPU.ActiveCfg = Release|Any CPU
		{0402842B-080D-4899-B378-18AC7FA5D0B9}.Release|Any CPU.Build.0 = Release|Any CPU
		{91204FBC-FEA9-4E6A-A8E4-E1B37DFE38F5}.Debug|Any CPU.ActiveCfg = Debug|Any CPU
		{91204FBC-FEA9-4E6A-A8E4-E1B37DFE38F5}.Debug|Any CPU.Build.0 = Debug|Any CPU
		{91204FBC-FEA9-4E6A-A8E4-E1B37DFE38F5}.Release|Any CPU.ActiveCfg = Release|Any CPU
		{91204FBC-FEA9-4E6A-A8E4-E1B37DFE38F5}.Release|Any CPU.Build.0 = Release|Any CPU
		{05992CB0-EBE8-4705-807C-EFF79E835684}.Debug|Any CPU.ActiveCfg = Debug|Any CPU
		{05992CB0-EBE8-4705-807C-EFF79E835684}.Debug|Any CPU.Build.0 = Debug|Any CPU
		{05992CB0-EBE8-4705-807C-EFF79E835684}.Release|Any CPU.ActiveCfg = Release|Any CPU
		{05992CB0-EBE8-4705-807C-EFF79E835684}.Release|Any CPU.Build.0 = Release|Any CPU
	EndGlobalSection
	GlobalSection(SolutionProperties) = preSolution
		HideSolutionNode = FALSE
	EndGlobalSection
	GlobalSection(ExtensibilityGlobals) = postSolution
		SolutionGuid = {958440F5-E721-4090-9170-FA9536543827}
	EndGlobalSection
EndGlobal
